
Microsoft Visual Studio Solution File, Format Version 12.00
# Visual Studio Version 17
VisualStudioVersion = 17.9.34728.123
MinimumVisualStudioVersion = 10.0.40219.1
Project("{FAE04EC0-301F-11D3-BF4B-00C04F79EFBC}") = "DemoWPF", "DemoWPF\DemoWPF.csproj", "{1E8C2CD1-2D06-4BCE-BDA6-1F6770CBE802}"
EndProject
Global
	GlobalSection(SolutionConfigurationPlatforms) = preSolution
		Debug|Any CPU = Debug|Any CPU
		Release|Any CPU = Release|Any CPU
	EndGlobalSection
	GlobalSection(ProjectConfigurationPlatforms) = postSolution
		{1E8C2CD1-2D06-4BCE-BDA6-1F6770CBE802}.Debug|Any CPU.ActiveCfg = Debug|Any CPU
		{1E8C2CD1-2D06-4BCE-BDA6-1F6770CBE802}.Debug|Any CPU.Build.0 = Debug|Any CPU
		{1E8C2CD1-2D06-4BCE-BDA6-1F6770CBE802}.Release|Any CPU.ActiveCfg = Release|Any CPU
		{1E8C2CD1-2D06-4BCE-BDA6-1F6770CBE802}.Release|Any CPU.Build.0 = Release|Any CPU
	EndGlobalSection
	GlobalSection(SolutionProperties) = preSolution
		HideSolutionNode = FALSE
	EndGlobalSection
	GlobalSection(ExtensibilityGlobals) = postSolution
		SolutionGuid = {CFD233BE-5E2E-4B5E-8F04-3ED8E54952B4}
	EndGlobalSection
EndGlobal
